
Microsoft Visual Studio Solution File, Format Version 12.00
# Visual Studio Version 16
VisualStudioVersion = 16.0.31624.102
MinimumVisualStudioVersion = 10.0.40219.1
Project("{FAE04EC0-301F-11D3-BF4B-00C04F79EFBC}") = "Algoritm samples", "Algoritm samples.csproj", "{3E9A8B96-857A-4E20-BE2B-03D7502C3A63}"
EndProject
Global
	GlobalSection(SolutionConfigurationPlatforms) = preSolution
		Debug|Any CPU = Debug|Any CPU
		Release|Any CPU = Release|Any CPU
	EndGlobalSection
	GlobalSection(ProjectConfigurationPlatforms) = postSolution
		{3E9A8B96-857A-4E20-BE2B-03D7502C3A63}.Debug|Any CPU.ActiveCfg = Debug|Any CPU
		{3E9A8B96-857A-4E20-BE2B-03D7502C3A63}.Debug|Any CPU.Build.0 = Debug|Any CPU
		{3E9A8B96-857A-4E20-BE2B-03D7502C3A63}.Release|Any CPU.ActiveCfg = Release|Any CPU
		{3E9A8B96-857A-4E20-BE2B-03D7502C3A63}.Release|Any CPU.Build.0 = Release|Any CPU
	EndGlobalSection
	GlobalSection(SolutionProperties) = preSolution
		HideSolutionNode = FALSE
	EndGlobalSection
	GlobalSection(ExtensibilityGlobals) = postSolution
		SolutionGuid = {9FA26C9C-2088-498A-A7F1-80D551589413}
	EndGlobalSection
EndGlobal
